// !$*UTF8*$!
{
	archiveVersion = 1;
	classes = {
	};
	objectVersion = 55;
	objects = {

/* Begin PBXBuildFile section */
		6928B37D27E3A62C007CEAF0 /* AppDelegate.swift in Sources */ = {isa = PBXBuildFile; fileRef = 6928B37C27E3A62C007CEAF0 /* AppDelegate.swift */; };
		6928B37F27E3A62C007CEAF0 /* SceneDelegate.swift in Sources */ = {isa = PBXBuildFile; fileRef = 6928B37E27E3A62C007CEAF0 /* SceneDelegate.swift */; };
		6928B38127E3A62C007CEAF0 /* ViewController.swift in Sources */ = {isa = PBXBuildFile; fileRef = 6928B38027E3A62C007CEAF0 /* ViewController.swift */; };
		6928B38627E3A62E007CEAF0 /* Assets.xcassets in Resources */ = {isa = PBXBuildFile; fileRef = 6928B38527E3A62E007CEAF0 /* Assets.xcassets */; };
		6928B38927E3A62E007CEAF0 /* LaunchScreen.storyboard in Resources */ = {isa = PBXBuildFile; fileRef = 6928B38727E3A62E007CEAF0 /* LaunchScreen.storyboard */; };
		6928B39427E3A62E007CEAF0 /* AudioPOCTests.swift in Sources */ = {isa = PBXBuildFile; fileRef = 6928B39327E3A62E007CEAF0 /* AudioPOCTests.swift */; };
		6928B39E27E3A62E007CEAF0 /* AudioPOCUITests.swift in Sources */ = {isa = PBXBuildFile; fileRef = 6928B39D27E3A62E007CEAF0 /* AudioPOCUITests.swift */; };
		6928B3A027E3A62E007CEAF0 /* AudioPOCUITestsLaunchTests.swift in Sources */ = {isa = PBXBuildFile; fileRef = 6928B39F27E3A62E007CEAF0 /* AudioPOCUITestsLaunchTests.swift */; };
		693ADFD427E9EE7F00027DF3 /* DeviceRaisedToEarListener.swift in Sources */ = {isa = PBXBuildFile; fileRef = 693ADFD327E9EE7F00027DF3 /* DeviceRaisedToEarListener.swift */; };
/* End PBXBuildFile section */

/* Begin PBXContainerItemProxy section */
		6928B39027E3A62E007CEAF0 /* PBXContainerItemProxy */ = {
			isa = PBXContainerItemProxy;
			containerPortal = 6928B37127E3A62C007CEAF0 /* Project object */;
			proxyType = 1;
			remoteGlobalIDString = 6928B37827E3A62C007CEAF0;
			remoteInfo = AudioPOC;
		};
		6928B39A27E3A62E007CEAF0 /* PBXContainerItemProxy */ = {
			isa = PBXContainerItemProxy;
			containerPortal = 6928B37127E3A62C007CEAF0 /* Project object */;
			proxyType = 1;
			remoteGlobalIDString = 6928B37827E3A62C007CEAF0;
			remoteInfo = AudioPOC;
		};
/* End PBXContainerItemProxy section */

/* Begin PBXFileReference section */
		6928B37927E3A62C007CEAF0 /* AudioPOC.app */ = {isa = PBXFileReference; explicitFileType = wrapper.application; includeInIndex = 0; path = AudioPOC.app; sourceTree = BUILT_PRODUCTS_DIR; };
		6928B37C27E3A62C007CEAF0 /* AppDelegate.swift */ = {isa = PBXFileReference; lastKnownFileType = sourcecode.swift; path = AppDelegate.swift; sourceTree = "<group>"; };
		6928B37E27E3A62C007CEAF0 /* SceneDelegate.swift */ = {isa = PBXFileReference; lastKnownFileType = sourcecode.swift; path = SceneDelegate.swift; sourceTree = "<group>"; };
		6928B38027E3A62C007CEAF0 /* ViewController.swift */ = {isa = PBXFileReference; lastKnownFileType = sourcecode.swift; path = ViewController.swift; sourceTree = "<group>"; };
		6928B38527E3A62E007CEAF0 /* Assets.xcassets */ = {isa = PBXFileReference; lastKnownFileType = folder.assetcatalog; path = Assets.xcassets; sourceTree = "<group>"; };
		6928B38827E3A62E007CEAF0 /* Base */ = {isa = PBXFileReference; lastKnownFileType = file.storyboard; name = Base; path = Base.lproj/LaunchScreen.storyboard; sourceTree = "<group>"; };
		6928B38A27E3A62E007CEAF0 /* Info.plist */ = {isa = PBXFileReference; lastKnownFileType = text.plist.xml; path = Info.plist; sourceTree = "<group>"; };
		6928B38F27E3A62E007CEAF0 /* AudioPOCTests.xctest */ = {isa = PBXFileReference; explicitFileType = wrapper.cfbundle; includeInIndex = 0; path = AudioPOCTests.xctest; sourceTree = BUILT_PRODUCTS_DIR; };
		6928B39327E3A62E007CEAF0 /* AudioPOCTests.swift */ = {isa = PBXFileReference; lastKnownFileType = sourcecode.swift; path = AudioPOCTests.swift; sourceTree = "<group>"; };
		6928B39927E3A62E007CEAF0 /* AudioPOCUITests.xctest */ = {isa = PBXFileReference; explicitFileType = wrapper.cfbundle; includeInIndex = 0; path = AudioPOCUITests.xctest; sourceTree = BUILT_PRODUCTS_DIR; };
		6928B39D27E3A62E007CEAF0 /* AudioPOCUITests.swift */ = {isa = PBXFileReference; lastKnownFileType = sourcecode.swift; path = AudioPOCUITests.swift; sourceTree = "<group>"; };
		6928B39F27E3A62E007CEAF0 /* AudioPOCUITestsLaunchTests.swift */ = {isa = PBXFileReference; lastKnownFileType = sourcecode.swift; path = AudioPOCUITestsLaunchTests.swift; sourceTree = "<group>"; };
		693ADFD327E9EE7F00027DF3 /* DeviceRaisedToEarListener.swift */ = {isa = PBXFileReference; lastKnownFileType = sourcecode.swift; path = DeviceRaisedToEarListener.swift; sourceTree = "<group>"; };
/* End PBXFileReference section */

/* Begin PBXFrameworksBuildPhase section */
		6928B37627E3A62C007CEAF0 /* Frameworks */ = {
			isa = PBXFrameworksBuildPhase;
			buildActionMask = 2147483647;
			files = (
			);
			runOnlyForDeploymentPostprocessing = 0;
		};
		6928B38C27E3A62E007CEAF0 /* Frameworks */ = {
			isa = PBXFrameworksBuildPhase;
			buildActionMask = 2147483647;
			files = (
			);
			runOnlyForDeploymentPostprocessing = 0;
		};
		6928B39627E3A62E007CEAF0 /* Frameworks */ = {
			isa = PBXFrameworksBuildPhase;
			buildActionMask = 2147483647;
			files = (
			);
			runOnlyForDeploymentPostprocessing = 0;
		};
/* End PBXFrameworksBuildPhase section */

/* Begin PBXGroup section */
		6928B37027E3A62C007CEAF0 = {
			isa = PBXGroup;
			children = (
				6928B37B27E3A62C007CEAF0 /* AudioPOC */,
				6928B39227E3A62E007CEAF0 /* AudioPOCTests */,
				6928B39C27E3A62E007CEAF0 /* AudioPOCUITests */,
				6928B37A27E3A62C007CEAF0 /* Products */,
			);
			sourceTree = "<group>";
		};
		6928B37A27E3A62C007CEAF0 /* Products */ = {
			isa = PBXGroup;
			children = (
				6928B37927E3A62C007CEAF0 /* AudioPOC.app */,
				6928B38F27E3A62E007CEAF0 /* AudioPOCTests.xctest */,
				6928B39927E3A62E007CEAF0 /* AudioPOCUITests.xctest */,
			);
			name = Products;
			sourceTree = "<group>";
		};
		6928B37B27E3A62C007CEAF0 /* AudioPOC */ = {
			isa = PBXGroup;
			children = (
				6928B37C27E3A62C007CEAF0 /* AppDelegate.swift */,
				6928B37E27E3A62C007CEAF0 /* SceneDelegate.swift */,
				6928B38027E3A62C007CEAF0 /* ViewController.swift */,
				6928B38527E3A62E007CEAF0 /* Assets.xcassets */,
				6928B38727E3A62E007CEAF0 /* LaunchScreen.storyboard */,
				6928B38A27E3A62E007CEAF0 /* Info.plist */,
				693ADFD327E9EE7F00027DF3 /* DeviceRaisedToEarListener.swift */,
			);
			path = AudioPOC;
			sourceTree = "<group>";
		};
		6928B39227E3A62E007CEAF0 /* AudioPOCTests */ = {
			isa = PBXGroup;
			children = (
				6928B39327E3A62E007CEAF0 /* AudioPOCTests.swift */,
			);
			path = AudioPOCTests;
			sourceTree = "<group>";
		};
		6928B39C27E3A62E007CEAF0 /* AudioPOCUITests */ = {
			isa = PBXGroup;
			children = (
				6928B39D27E3A62E007CEAF0 /* AudioPOCUITests.swift */,
				6928B39F27E3A62E007CEAF0 /* AudioPOCUITestsLaunchTests.swift */,
			);
			path = AudioPOCUITests;
			sourceTree = "<group>";
		};
/* End PBXGroup section */

/* Begin PBXNativeTarget section */
		6928B37827E3A62C007CEAF0 /* AudioPOC */ = {
			isa = PBXNativeTarget;
			buildConfigurationList = 6928B3A327E3A62E007CEAF0 /* Build configuration list for PBXNativeTarget "AudioPOC" */;
			buildPhases = (
				6928B37527E3A62C007CEAF0 /* Sources */,
				6928B37627E3A62C007CEAF0 /* Frameworks */,
				6928B37727E3A62C007CEAF0 /* Resources */,
			);
			buildRules = (
			);
			dependencies = (
			);
			name = AudioPOC;
			productName = AudioPOC;
			productReference = 6928B37927E3A62C007CEAF0 /* AudioPOC.app */;
			productType = "com.apple.product-type.application";
		};
		6928B38E27E3A62E007CEAF0 /* AudioPOCTests */ = {
			isa = PBXNativeTarget;
			buildConfigurationList = 6928B3A627E3A62E007CEAF0 /* Build configuration list for PBXNativeTarget "AudioPOCTests" */;
			buildPhases = (
				6928B38B27E3A62E007CEAF0 /* Sources */,
				6928B38C27E3A62E007CEAF0 /* Frameworks */,
				6928B38D27E3A62E007CEAF0 /* Resources */,
			);
			buildRules = (
			);
			dependencies = (
				6928B39127E3A62E007CEAF0 /* PBXTargetDependency */,
			);
			name = AudioPOCTests;
			productName = AudioPOCTests;
			productReference = 6928B38F27E3A62E007CEAF0 /* AudioPOCTests.xctest */;
			productType = "com.apple.product-type.bundle.unit-test";
		};
		6928B39827E3A62E007CEAF0 /* AudioPOCUITests */ = {
			isa = PBXNativeTarget;
			buildConfigurationList = 6928B3A927E3A62E007CEAF0 /* Build configuration list for PBXNativeTarget "AudioPOCUITests" */;
			buildPhases = (
				6928B39527E3A62E007CEAF0 /* Sources */,
				6928B39627E3A62E007CEAF0 /* Frameworks */,
				6928B39727E3A62E007CEAF0 /* Resources */,
			);
			buildRules = (
			);
			dependencies = (
				6928B39B27E3A62E007CEAF0 /* PBXTargetDependency */,
			);
			name = AudioPOCUITests;
			productName = AudioPOCUITests;
			productReference = 6928B39927E3A62E007CEAF0 /* AudioPOCUITests.xctest */;
			productType = "com.apple.product-type.bundle.ui-testing";
		};
/* End PBXNativeTarget section */

/* Begin PBXProject section */
		6928B37127E3A62C007CEAF0 /* Project object */ = {
			isa = PBXProject;
			attributes = {
				BuildIndependentTargetsInParallel = 1;
				LastSwiftUpdateCheck = 1330;
				LastUpgradeCheck = 1330;
				TargetAttributes = {
					6928B37827E3A62C007CEAF0 = {
						CreatedOnToolsVersion = 13.3;
					};
					6928B38E27E3A62E007CEAF0 = {
						CreatedOnToolsVersion = 13.3;
						TestTargetID = 6928B37827E3A62C007CEAF0;
					};
					6928B39827E3A62E007CEAF0 = {
						CreatedOnToolsVersion = 13.3;
						TestTargetID = 6928B37827E3A62C007CEAF0;
					};
				};
			};
			buildConfigurationList = 6928B37427E3A62C007CEAF0 /* Build configuration list for PBXProject "AudioPOC" */;
			compatibilityVersion = "Xcode 13.0";
			developmentRegion = en;
			hasScannedForEncodings = 0;
			knownRegions = (
				en,
				Base,
			);
			mainGroup = 6928B37027E3A62C007CEAF0;
			productRefGroup = 6928B37A27E3A62C007CEAF0 /* Products */;
			projectDirPath = "";
			projectRoot = "";
			targets = (
				6928B37827E3A62C007CEAF0 /* AudioPOC */,
				6928B38E27E3A62E007CEAF0 /* AudioPOCTests */,
				6928B39827E3A62E007CEAF0 /* AudioPOCUITests */,
			);
		};
/* End PBXProject section */

/* Begin PBXResourcesBuildPhase section */
		6928B37727E3A62C007CEAF0 /* Resources */ = {
			isa = PBXResourcesBuildPhase;
			buildActionMask = 2147483647;
			files = (
				6928B38927E3A62E007CEAF0 /* LaunchScreen.storyboard in Resources */,
				6928B38627E3A62E007CEAF0 /* Assets.xcassets in Resources */,
			);
			runOnlyForDeploymentPostprocessing = 0;
		};
		6928B38D27E3A62E007CEAF0 /* Resources */ = {
			isa = PBXResourcesBuildPhase;
			buildActionMask = 2147483647;
			files = (
			);
			runOnlyForDeploymentPostprocessing = 0;
		};
		6928B39727E3A62E007CEAF0 /* Resources */ = {
			isa = PBXResourcesBuildPhase;
			buildActionMask = 2147483647;
			files = (
			);
			runOnlyForDeploymentPostprocessing = 0;
		};
/* End PBXResourcesBuildPhase section */

/* Begin PBXSourcesBuildPhase section */
		6928B37527E3A62C007CEAF0 /* Sources */ = {
			isa = PBXSourcesBuildPhase;
			buildActionMask = 2147483647;
			files = (
				6928B38127E3A62C007CEAF0 /* ViewController.swift in Sources */,
				6928B37D27E3A62C007CEAF0 /* AppDelegate.swift in Sources */,
				6928B37F27E3A62C007CEAF0 /* SceneDelegate.swift in Sources */,
				693ADFD427E9EE7F00027DF3 /* DeviceRaisedToEarListener.swift in Sources */,
			);
			runOnlyForDeploymentPostprocessing = 0;
		};
		6928B38B27E3A62E007CEAF0 /* Sources */ = {
			isa = PBXSourcesBuildPhase;
			buildActionMask = 2147483647;
			files = (
				6928B39427E3A62E007CEAF0 /* AudioPOCTests.swift in Sources */,
			);
			runOnlyForDeploymentPostprocessing = 0;
		};
		6928B39527E3A62E007CEAF0 /* Sources */ = {
			isa = PBXSourcesBuildPhase;
			buildActionMask = 2147483647;
			files = (
				6928B3A027E3A62E007CEAF0 /* AudioPOCUITestsLaunchTests.swift in Sources */,
				6928B39E27E3A62E007CEAF0 /* AudioPOCUITests.swift in Sources */,
			);
			runOnlyForDeploymentPostprocessing = 0;
		};
/* End PBXSourcesBuildPhase section */

/* Begin PBXTargetDependency section */
		6928B39127E3A62E007CEAF0 /* PBXTargetDependency */ = {
			isa = PBXTargetDependency;
			target = 6928B37827E3A62C007CEAF0 /* AudioPOC */;
			targetProxy = 6928B39027E3A62E007CEAF0 /* PBXContainerItemProxy */;
		};
		6928B39B27E3A62E007CEAF0 /* PBXTargetDependency */ = {
			isa = PBXTargetDependency;
			target = 6928B37827E3A62C007CEAF0 /* AudioPOC */;
			targetProxy = 6928B39A27E3A62E007CEAF0 /* PBXContainerItemProxy */;
		};
/* End PBXTargetDependency section */

/* Begin PBXVariantGroup section */
		6928B38727E3A62E007CEAF0 /* LaunchScreen.storyboard */ = {
			isa = PBXVariantGroup;
			children = (
				6928B38827E3A62E007CEAF0 /* Base */,
			);
			name = LaunchScreen.storyboard;
			sourceTree = "<group>";
		};
/* End PBXVariantGroup section */

/* Begin XCBuildConfiguration section */
		6928B3A127E3A62E007CEAF0 /* Debug */ = {
			isa = XCBuildConfiguration;
			buildSettings = {
				ALWAYS_SEARCH_USER_PATHS = NO;
				CLANG_ANALYZER_NONNULL = YES;
				CLANG_ANALYZER_NUMBER_OBJECT_CONVERSION = YES_AGGRESSIVE;
				CLANG_CXX_LANGUAGE_STANDARD = "gnu++17";
				CLANG_ENABLE_MODULES = YES;
				CLANG_ENABLE_OBJC_ARC = YES;
				CLANG_ENABLE_OBJC_WEAK = YES;
				CLANG_WARN_BLOCK_CAPTURE_AUTORELEASING = YES;
				CLANG_WARN_BOOL_CONVERSION = YES;
				CLANG_WARN_COMMA = YES;
				CLANG_WARN_CONSTANT_CONVERSION = YES;
				CLANG_WARN_DEPRECATED_OBJC_IMPLEMENTATIONS = YES;
				CLANG_WARN_DIRECT_OBJC_ISA_USAGE = YES_ERROR;
				CLANG_WARN_DOCUMENTATION_COMMENTS = YES;
				CLANG_WARN_EMPTY_BODY = YES;
				CLANG_WARN_ENUM_CONVERSION = YES;
				CLANG_WARN_INFINITE_RECURSION = YES;
				CLANG_WARN_INT_CONVERSION = YES;
				CLANG_WARN_NON_LITERAL_NULL_CONVERSION = YES;
				CLANG_WARN_OBJC_IMPLICIT_RETAIN_SELF = YES;
				CLANG_WARN_OBJC_LITERAL_CONVERSION = YES;
				CLANG_WARN_OBJC_ROOT_CLASS = YES_ERROR;
				CLANG_WARN_QUOTED_INCLUDE_IN_FRAMEWORK_HEADER = YES;
				CLANG_WARN_RANGE_LOOP_ANALYSIS = YES;
				CLANG_WARN_STRICT_PROTOTYPES = YES;
				CLANG_WARN_SUSPICIOUS_MOVE = YES;
				CLANG_WARN_UNGUARDED_AVAILABILITY = YES_AGGRESSIVE;
				CLANG_WARN_UNREACHABLE_CODE = YES;
				CLANG_WARN__DUPLICATE_METHOD_MATCH = YES;
				COPY_PHASE_STRIP = NO;
				DEBUG_INFORMATION_FORMAT = dwarf;
				ENABLE_STRICT_OBJC_MSGSEND = YES;
				ENABLE_TESTABILITY = YES;
				GCC_C_LANGUAGE_STANDARD = gnu11;
				GCC_DYNAMIC_NO_PIC = NO;
				GCC_NO_COMMON_BLOCKS = YES;
				GCC_OPTIMIZATION_LEVEL = 0;
				GCC_PREPROCESSOR_DEFINITIONS = (
					"DEBUG=1",
					"$(inherited)",
				);
				GCC_WARN_64_TO_32_BIT_CONVERSION = YES;
				GCC_WARN_ABOUT_RETURN_TYPE = YES_ERROR;
				GCC_WARN_UNDECLARED_SELECTOR = YES;
				GCC_WARN_UNINITIALIZED_AUTOS = YES_AGGRESSIVE;
				GCC_WARN_UNUSED_FUNCTION = YES;
				GCC_WARN_UNUSED_VARIABLE = YES;
				IPHONEOS_DEPLOYMENT_TARGET = 15.4;
				MTL_ENABLE_DEBUG_INFO = INCLUDE_SOURCE;
				MTL_FAST_MATH = YES;
				ONLY_ACTIVE_ARCH = YES;
				SDKROOT = iphoneos;
				SWIFT_ACTIVE_COMPILATION_CONDITIONS = DEBUG;
				SWIFT_OPTIMIZATION_LEVEL = "-Onone";
			};
			name = Debug;
		};
		6928B3A227E3A62E007CEAF0 /* Release */ = {
			isa = XCBuildConfiguration;
			buildSettings = {
				ALWAYS_SEARCH_USER_PATHS = NO;
				CLANG_ANALYZER_NONNULL = YES;
				CLANG_ANALYZER_NUMBER_OBJECT_CONVERSION = YES_AGGRESSIVE;
				CLANG_CXX_LANGUAGE_STANDARD = "gnu++17";
				CLANG_ENABLE_MODULES = YES;
				CLANG_ENABLE_OBJC_ARC = YES;
				CLANG_ENABLE_OBJC_WEAK = YES;
				CLANG_WARN_BLOCK_CAPTURE_AUTORELEASING = YES;
				CLANG_WARN_BOOL_CONVERSION = YES;
				CLANG_WARN_COMMA = YES;
				CLANG_WARN_CONSTANT_CONVERSION = YES;
				CLANG_WARN_DEPRECATED_OBJC_IMPLEMENTATIONS = YES;
				CLANG_WARN_DIRECT_OBJC_ISA_USAGE = YES_ERROR;
				CLANG_WARN_DOCUMENTATION_COMMENTS = YES;
				CLANG_WARN_EMPTY_BODY = YES;
				CLANG_WARN_ENUM_CONVERSION = YES;
				CLANG_WARN_INFINITE_RECURSION = YES;
				CLANG_WARN_INT_CONVERSION = YES;
				CLANG_WARN_NON_LITERAL_NULL_CONVERSION = YES;
				CLANG_WARN_OBJC_IMPLICIT_RETAIN_SELF = YES;
				CLANG_WARN_OBJC_LITERAL_CONVERSION = YES;
				CLANG_WARN_OBJC_ROOT_CLASS = YES_ERROR;
				CLANG_WARN_QUOTED_INCLUDE_IN_FRAMEWORK_HEADER = YES;
				CLANG_WARN_RANGE_LOOP_ANALYSIS = YES;
				CLANG_WARN_STRICT_PROTOTYPES = YES;
				CLANG_WARN_SUSPICIOUS_MOVE = YES;
				CLANG_WARN_UNGUARDED_AVAILABILITY = YES_AGGRESSIVE;
				CLANG_WARN_UNREACHABLE_CODE = YES;
				CLANG_WARN__DUPLICATE_METHOD_MATCH = YES;
				COPY_PHASE_STRIP = NO;
				DEBUG_INFORMATION_FORMAT = "dwarf-with-dsym";
				ENABLE_NS_ASSERTIONS = NO;
				ENABLE_STRICT_OBJC_MSGSEND = YES;
				GCC_C_LANGUAGE_STANDARD = gnu11;
				GCC_NO_COMMON_BLOCKS = YES;
				GCC_WARN_64_TO_32_BIT_CONVERSION = YES;
				GCC_WARN_ABOUT_RETURN_TYPE = YES_ERROR;
				GCC_WARN_UNDECLARED_SELECTOR = YES;
				GCC_WARN_UNINITIALIZED_AUTOS = YES_AGGRESSIVE;
				GCC_WARN_UNUSED_FUNCTION = YES;
				GCC_WARN_UNUSED_VARIABLE = YES;
				IPHONEOS_DEPLOYMENT_TARGET = 15.4;
				MTL_ENABLE_DEBUG_INFO = NO;
				MTL_FAST_MATH = YES;
				SDKROOT = iphoneos;
				SWIFT_COMPILATION_MODE = wholemodule;
				SWIFT_OPTIMIZATION_LEVEL = "-O";
				VALIDATE_PRODUCT = YES;
			};
			name = Release;
		};
		6928B3A427E3A62E007CEAF0 /* Debug */ = {
			isa = XCBuildConfiguration;
			buildSettings = {
				ASSETCATALOG_COMPILER_APPICON_NAME = AppIcon;
				ASSETCATALOG_COMPILER_GLOBAL_ACCENT_COLOR_NAME = AccentColor;
				CODE_SIGN_STYLE = Automatic;
				CURRENT_PROJECT_VERSION = 1;
				DEVELOPMENT_TEAM = GHRBLV3RV2;
				GENERATE_INFOPLIST_FILE = YES;
				INFOPLIST_FILE = AudioPOC/Info.plist;
				INFOPLIST_KEY_UIApplicationSupportsIndirectInputEvents = YES;
				INFOPLIST_KEY_UILaunchStoryboardName = LaunchScreen;
				INFOPLIST_KEY_UISupportedInterfaceOrientations_iPad = "UIInterfaceOrientationPortrait UIInterfaceOrientationPortraitUpsideDown UIInterfaceOrientationLandscapeLeft UIInterfaceOrientationLandscapeRight";
				INFOPLIST_KEY_UISupportedInterfaceOrientations_iPhone = "UIInterfaceOrientationPortrait UIInterfaceOrientationLandscapeLeft UIInterfaceOrientationLandscapeRight";
				LD_RUNPATH_SEARCH_PATHS = (
					"$(inherited)",
					"@executable_path/Frameworks",
				);
				MARKETING_VERSION = 1.0;
				PRODUCT_BUNDLE_IDENTIFIER = com.vitorbryan.AudioPOC;
				PRODUCT_NAME = "$(TARGET_NAME)";
				SWIFT_EMIT_LOC_STRINGS = YES;
				SWIFT_VERSION = 5.0;
				TARGETED_DEVICE_FAMILY = "1,2";
			};
			name = Debug;
		};
		6928B3A527E3A62E007CEAF0 /* Release */ = {
			isa = XCBuildConfiguration;
			buildSettings = {
				ASSETCATALOG_COMPILER_APPICON_NAME = AppIcon;
				ASSETCATALOG_COMPILER_GLOBAL_ACCENT_COLOR_NAME = AccentColor;
				CODE_SIGN_STYLE = Automatic;
				CURRENT_PROJECT_VERSION = 1;
				DEVELOPMENT_TEAM = GHRBLV3RV2;
				GENERATE_INFOPLIST_FILE = YES;
				INFOPLIST_FILE = AudioPOC/Info.plist;
				INFOPLIST_KEY_UIApplicationSupportsIndirectInputEvents = YES;
				INFOPLIST_KEY_UILaunchStoryboardName = LaunchScreen;
				INFOPLIST_KEY_UISupportedInterfaceOrientations_iPad = "UIInterfaceOrientationPortrait UIInterfaceOrientationPortraitUpsideDown UIInterfaceOrientationLandscapeLeft UIInterfaceOrientationLandscapeRight";
				INFOPLIST_KEY_UISupportedInterfaceOrientations_iPhone = "UIInterfaceOrientationPortrait UIInterfaceOrientationLandscapeLeft UIInterfaceOrientationLandscapeRight";
				LD_RUNPATH_SEARCH_PATHS = (
					"$(inherited)",
					"@executable_path/Frameworks",
				);
				MARKETING_VERSION = 1.0;
				PRODUCT_BUNDLE_IDENTIFIER = com.vitorbryan.AudioPOC;
				PRODUCT_NAME = "$(TARGET_NAME)";
				SWIFT_EMIT_LOC_STRINGS = YES;
				SWIFT_VERSION = 5.0;
				TARGETED_DEVICE_FAMILY = "1,2";
			};
			name = Release;
		};
		6928B3A727E3A62E007CEAF0 /* Debug */ = {
			isa = XCBuildConfiguration;
			buildSettings = {
				ALWAYS_EMBED_SWIFT_STANDARD_LIBRARIES = YES;
				BUNDLE_LOADER = "$(TEST_HOST)";
				CODE_SIGN_STYLE = Automatic;
				CURRENT_PROJECT_VERSION = 1;
				DEVELOPMENT_TEAM = GHRBLV3RV2;
				GENERATE_INFOPLIST_FILE = YES;
				IPHONEOS_DEPLOYMENT_TARGET = 15.4;
				MARKETING_VERSION = 1.0;
				PRODUCT_BUNDLE_IDENTIFIER = com.vitorbryan.AudioPOCTests;
				PRODUCT_NAME = "$(TARGET_NAME)";
				SWIFT_EMIT_LOC_STRINGS = NO;
				SWIFT_VERSION = 5.0;
				TARGETED_DEVICE_FAMILY = "1,2";
				TEST_HOST = "$(BUILT_PRODUCTS_DIR)/AudioPOC.app/AudioPOC";
			};
			name = Debug;
		};
		6928B3A827E3A62E007CEAF0 /* Release */ = {
			isa = XCBuildConfiguration;
			buildSettings = {
				ALWAYS_EMBED_SWIFT_STANDARD_LIBRARIES = YES;
				BUNDLE_LOADER = "$(TEST_HOST)";
				CODE_SIGN_STYLE = Automatic;
				CURRENT_PROJECT_VERSION = 1;
				DEVELOPMENT_TEAM = GHRBLV3RV2;
				GENERATE_INFOPLIST_FILE = YES;
				IPHONEOS_DEPLOYMENT_TARGET = 15.4;
				MARKETING_VERSION = 1.0;
				PRODUCT_BUNDLE_IDENTIFIER = com.vitorbryan.AudioPOCTests;
				PRODUCT_NAME = "$(TARGET_NAME)";
				SWIFT_EMIT_LOC_STRINGS = NO;
				SWIFT_VERSION = 5.0;
				TARGETED_DEVICE_FAMILY = "1,2";
				TEST_HOST = "$(BUILT_PRODUCTS_DIR)/AudioPOC.app/AudioPOC";
			};
			name = Release;
		};
		6928B3AA27E3A62E007CEAF0 /* Debug */ = {
			isa = XCBuildConfiguration;
			buildSettings = {
				ALWAYS_EMBED_SWIFT_STANDARD_LIBRARIES = YES;
				CODE_SIGN_STYLE = Automatic;
				CURRENT_PROJECT_VERSION = 1;
				DEVELOPMENT_TEAM = GHRBLV3RV2;
				GENERATE_INFOPLIST_FILE = YES;
				MARKETING_VERSION = 1.0;
				PRODUCT_BUNDLE_IDENTIFIER = com.vitorbryan.AudioPOCUITests;
				PRODUCT_NAME = "$(TARGET_NAME)";
				SWIFT_EMIT_LOC_STRINGS = NO;
				SWIFT_VERSION = 5.0;
				TARGETED_DEVICE_FAMILY = "1,2";
				TEST_TARGET_NAME = AudioPOC;
			};
			name = Debug;
		};
		6928B3AB27E3A62E007CEAF0 /* Release */ = {
			isa = XCBuildConfiguration;
			buildSettings = {
				ALWAYS_EMBED_SWIFT_STANDARD_LIBRARIES = YES;
				CODE_SIGN_STYLE = Automatic;
				CURRENT_PROJECT_VERSION = 1;
				DEVELOPMENT_TEAM = GHRBLV3RV2;
				GENERATE_INFOPLIST_FILE = YES;
				MARKETING_VERSION = 1.0;
				PRODUCT_BUNDLE_IDENTIFIER = com.vitorbryan.AudioPOCUITests;
				PRODUCT_NAME = "$(TARGET_NAME)";
				SWIFT_EMIT_LOC_STRINGS = NO;
				SWIFT_VERSION = 5.0;
				TARGETED_DEVICE_FAMILY = "1,2";
				TEST_TARGET_NAME = AudioPOC;
			};
			name = Release;
		};
/* End XCBuildConfiguration section */

/* Begin XCConfigurationList section */
		6928B37427E3A62C007CEAF0 /* Build configuration list for PBXProject "AudioPOC" */ = {
			isa = XCConfigurationList;
			buildConfigurations = (
				6928B3A127E3A62E007CEAF0 /* Debug */,
				6928B3A227E3A62E007CEAF0 /* Release */,
			);
			defaultConfigurationIsVisible = 0;
			defaultConfigurationName = Release;
		};
		6928B3A327E3A62E007CEAF0 /* Build configuration list for PBXNativeTarget "AudioPOC" */ = {
			isa = XCConfigurationList;
			buildConfigurations = (
				6928B3A427E3A62E007CEAF0 /* Debug */,
				6928B3A527E3A62E007CEAF0 /* Release */,
			);
			defaultConfigurationIsVisible = 0;
			defaultConfigurationName = Release;
		};
		6928B3A627E3A62E007CEAF0 /* Build configuration list for PBXNativeTarget "AudioPOCTests" */ = {
			isa = XCConfigurationList;
			buildConfigurations = (
				6928B3A727E3A62E007CEAF0 /* Debug */,
				6928B3A827E3A62E007CEAF0 /* Release */,
			);
			defaultConfigurationIsVisible = 0;
			defaultConfigurationName = Release;
		};
		6928B3A927E3A62E007CEAF0 /* Build configuration list for PBXNativeTarget "AudioPOCUITests" */ = {
			isa = XCConfigurationList;
			buildConfigurations = (
				6928B3AA27E3A62E007CEAF0 /* Debug */,
				6928B3AB27E3A62E007CEAF0 /* Release */,
			);
			defaultConfigurationIsVisible = 0;
			defaultConfigurationName = Release;
		};
/* End XCConfigurationList section */
	};
	rootObject = 6928B37127E3A62C007CEAF0 /* Project object */;
}
